
Microsoft Visual Studio Solution File, Format Version 12.00
# Visual Studio Version 17
VisualStudioVersion = 17.9.34902.65
MinimumVisualStudioVersion = 10.0.40219.1
Project("{FAE04EC0-301F-11D3-BF4B-00C04F79EFBC}") = "AyoBank", "AyoBank\AyoBank.csproj", "{7A042964-0C8C-4503-96C6-DFCA7BBF7B7F}"
EndProject
Global
	GlobalSection(SolutionConfigurationPlatforms) = preSolution
		Debug|Any CPU = Debug|Any CPU
		Release|Any CPU = Release|Any CPU
	EndGlobalSection
	GlobalSection(ProjectConfigurationPlatforms) = postSolution
		{7A042964-0C8C-4503-96C6-DFCA7BBF7B7F}.Debug|Any CPU.ActiveCfg = Debug|Any CPU
		{7A042964-0C8C-4503-96C6-DFCA7BBF7B7F}.Debug|Any CPU.Build.0 = Debug|Any CPU
		{7A042964-0C8C-4503-96C6-DFCA7BBF7B7F}.Release|Any CPU.ActiveCfg = Release|Any CPU
		{7A042964-0C8C-4503-96C6-DFCA7BBF7B7F}.Release|Any CPU.Build.0 = Release|Any CPU
	EndGlobalSection
	GlobalSection(SolutionProperties) = preSolution
		HideSolutionNode = FALSE
	EndGlobalSection
	GlobalSection(ExtensibilityGlobals) = postSolution
		SolutionGuid = {3CED952A-042F-4C79-B2EA-17C16726CA77}
	EndGlobalSection
EndGlobal
